// !$*UTF8*$!
{
	archiveVersion = 1;
	classes = {
	};
	objectVersion = 55;
	objects = {

/* Begin PBXBuildFile section */
		C23BA6AA279AF7D400AD2EE3 /* FirebaseAuth in Frameworks */ = {isa = PBXBuildFile; productRef = C23BA6A9279AF7D400AD2EE3 /* FirebaseAuth */; };
		C23BA6AC279AF7D400AD2EE3 /* FirebaseMessaging in Frameworks */ = {isa = PBXBuildFile; productRef = C23BA6AB279AF7D400AD2EE3 /* FirebaseMessaging */; };
		C23BA6AE279BCF2300AD2EE3 /* H40Button.swift in Sources */ = {isa = PBXBuildFile; fileRef = C23BA6AD279BCF2300AD2EE3 /* H40Button.swift */; };
		C23BA6B5279C42EC00AD2EE3 /* InputViewContentType.swift in Sources */ = {isa = PBXBuildFile; fileRef = C23BA6B4279C42EC00AD2EE3 /* InputViewContentType.swift */; };
		C23BA6B7279C554900AD2EE3 /* NickNameViewController.swift in Sources */ = {isa = PBXBuildFile; fileRef = C23BA6B6279C554900AD2EE3 /* NickNameViewController.swift */; };
		C23BA6B9279C5AF100AD2EE3 /* BirthDayViewController.swift in Sources */ = {isa = PBXBuildFile; fileRef = C23BA6B8279C5AF100AD2EE3 /* BirthDayViewController.swift */; };
		C23BA6BD279D6CC200AD2EE3 /* UserDefaults+Extension.swift in Sources */ = {isa = PBXBuildFile; fileRef = C23BA6BC279D6CC200AD2EE3 /* UserDefaults+Extension.swift */; };
		C23BA6BF279D7C9C00AD2EE3 /* UserDefaultsWrapper.swift in Sources */ = {isa = PBXBuildFile; fileRef = C23BA6BE279D7C9C00AD2EE3 /* UserDefaultsWrapper.swift */; };
		C23BA6C2279D9C5400AD2EE3 /* FirebaseAuthService.swift in Sources */ = {isa = PBXBuildFile; fileRef = C23BA6C1279D9C5400AD2EE3 /* FirebaseAuthService.swift */; };
		C23BA6C4279ECF0800AD2EE3 /* EndPoint.swift in Sources */ = {isa = PBXBuildFile; fileRef = C23BA6C3279ECF0800AD2EE3 /* EndPoint.swift */; };
		C23BA6C6279EDB0E00AD2EE3 /* APIService.swift in Sources */ = {isa = PBXBuildFile; fileRef = C23BA6C5279EDB0E00AD2EE3 /* APIService.swift */; };
		C23BA6C8279FF34600AD2EE3 /* NickNameViewModel.swift in Sources */ = {isa = PBXBuildFile; fileRef = C23BA6C7279FF34600AD2EE3 /* NickNameViewModel.swift */; };
		C23BA6CA27A02A7900AD2EE3 /* Connectivity.swift in Sources */ = {isa = PBXBuildFile; fileRef = C23BA6C927A02A7900AD2EE3 /* Connectivity.swift */; };
		C23BA6CC27A16B3A00AD2EE3 /* BirthViewModel.swift in Sources */ = {isa = PBXBuildFile; fileRef = C23BA6CB27A16B3A00AD2EE3 /* BirthViewModel.swift */; };
		C242CDB62796BE7000905287 /* AppDelegate.swift in Sources */ = {isa = PBXBuildFile; fileRef = C242CDB52796BE7000905287 /* AppDelegate.swift */; };
		C242CDB82796BE7000905287 /* SceneDelegate.swift in Sources */ = {isa = PBXBuildFile; fileRef = C242CDB72796BE7000905287 /* SceneDelegate.swift */; };
		C242CDBA2796BE7000905287 /* RequestAuthViewController.swift in Sources */ = {isa = PBXBuildFile; fileRef = C242CDB92796BE7000905287 /* RequestAuthViewController.swift */; };
		C242CDBF2796BE7200905287 /* Assets.xcassets in Resources */ = {isa = PBXBuildFile; fileRef = C242CDBE2796BE7200905287 /* Assets.xcassets */; };
		C242CDC22796BE7200905287 /* LaunchScreen.storyboard in Resources */ = {isa = PBXBuildFile; fileRef = C242CDC02796BE7200905287 /* LaunchScreen.storyboard */; };
		C242CDCD2796BE7300905287 /* SeSAC_FriendsTests.swift in Sources */ = {isa = PBXBuildFile; fileRef = C242CDCC2796BE7300905287 /* SeSAC_FriendsTests.swift */; };
		C242CDD72796BE7300905287 /* SeSAC_FriendsUITests.swift in Sources */ = {isa = PBXBuildFile; fileRef = C242CDD62796BE7300905287 /* SeSAC_FriendsUITests.swift */; };
		C242CDD92796BE7300905287 /* SeSAC_FriendsUITestsLaunchTests.swift in Sources */ = {isa = PBXBuildFile; fileRef = C242CDD82796BE7300905287 /* SeSAC_FriendsUITestsLaunchTests.swift */; };
		C28377AF2796E36100151297 /* UIColor+Extension.swift in Sources */ = {isa = PBXBuildFile; fileRef = C28377AE2796E36100151297 /* UIColor+Extension.swift */; };
		C28377BA2796EEEE00151297 /* NotoSansKR-Medium.otf in Resources */ = {isa = PBXBuildFile; fileRef = C28377B42796EEEE00151297 /* NotoSansKR-Medium.otf */; };
		C28377BC2796EEEE00151297 /* NotoSansKR-Regular.otf in Resources */ = {isa = PBXBuildFile; fileRef = C28377B62796EEEE00151297 /* NotoSansKR-Regular.otf */; };
		C28377BF2796F1C900151297 /* UIFont+Extension.swift in Sources */ = {isa = PBXBuildFile; fileRef = C28377BE2796F1C900151297 /* UIFont+Extension.swift */; };
		C28377C32796F78200151297 /* SnapKit in Frameworks */ = {isa = PBXBuildFile; productRef = C28377C22796F78200151297 /* SnapKit */; };
		C28377C627971D0300151297 /* OnBoardingViewController.swift in Sources */ = {isa = PBXBuildFile; fileRef = C28377C527971D0200151297 /* OnBoardingViewController.swift */; };
		C28377C927971E5800151297 /* AuthView.swift in Sources */ = {isa = PBXBuildFile; fileRef = C28377C827971E5800151297 /* AuthView.swift */; };
		C28377CC27971E7300151297 /* ViewRepresentable.swift in Sources */ = {isa = PBXBuildFile; fileRef = C28377CB27971E7300151297 /* ViewRepresentable.swift */; };
		C28377CF2797209500151297 /* RxCocoa in Frameworks */ = {isa = PBXBuildFile; productRef = C28377CE2797209500151297 /* RxCocoa */; };
		C28377D12797209500151297 /* RxRelay in Frameworks */ = {isa = PBXBuildFile; productRef = C28377D02797209500151297 /* RxRelay */; };
		C28377D32797209500151297 /* RxSwift in Frameworks */ = {isa = PBXBuildFile; productRef = C28377D22797209500151297 /* RxSwift */; };
		C28377D6279720B900151297 /* Toast in Frameworks */ = {isa = PBXBuildFile; productRef = C28377D5279720B900151297 /* Toast */; };
		C28377D9279720CA00151297 /* Alamofire in Frameworks */ = {isa = PBXBuildFile; productRef = C28377D8279720CA00151297 /* Alamofire */; };
		C28377DC279720D800151297 /* Then in Frameworks */ = {isa = PBXBuildFile; productRef = C28377DB279720D800151297 /* Then */; };
		C28377DE279728E700151297 /* UIButton+Extension.swift in Sources */ = {isa = PBXBuildFile; fileRef = C28377DD279728E700151297 /* UIButton+Extension.swift */; };
		C28377E02797F1D400151297 /* UILabel+Extension.swift in Sources */ = {isa = PBXBuildFile; fileRef = C28377DF2797F1D400151297 /* UILabel+Extension.swift */; };
		C28377E22797FE3F00151297 /* H48Button.swift in Sources */ = {isa = PBXBuildFile; fileRef = C28377E12797FE3F00151297 /* H48Button.swift */; };
		C28377E527980E1000151297 /* ButtonState.swift in Sources */ = {isa = PBXBuildFile; fileRef = C28377E427980E1000151297 /* ButtonState.swift */; };
		C28377E7279825D000151297 /* RequestAuthViewModel.swift in Sources */ = {isa = PBXBuildFile; fileRef = C28377E6279825D000151297 /* RequestAuthViewModel.swift */; };
		C28377E9279825EF00151297 /* ViewModelType.swift in Sources */ = {isa = PBXBuildFile; fileRef = C28377E8279825EF00151297 /* ViewModelType.swift */; };
		C28377EC279831F000151297 /* InputView.swift in Sources */ = {isa = PBXBuildFile; fileRef = C28377EB279831F000151297 /* InputView.swift */; };
		C28377EE2798674A00151297 /* GoogleService-Info.plist in Resources */ = {isa = PBXBuildFile; fileRef = C28377ED2798674A00151297 /* GoogleService-Info.plist */; };
		C28377F027987D0A00151297 /* TextFieldState.swift in Sources */ = {isa = PBXBuildFile; fileRef = C28377EF27987D0A00151297 /* TextFieldState.swift */; };
		C28377F227988C0500151297 /* LogInViewController.swift in Sources */ = {isa = PBXBuildFile; fileRef = C28377F127988C0500151297 /* LogInViewController.swift */; };
		C28377F52799A41000151297 /* LoginViewModel.swift in Sources */ = {isa = PBXBuildFile; fileRef = C28377F42799A41000151297 /* LoginViewModel.swift */; };
/* End PBXBuildFile section */

/* Begin PBXContainerItemProxy section */
		C242CDC92796BE7300905287 /* PBXContainerItemProxy */ = {
			isa = PBXContainerItemProxy;
			containerPortal = C242CDAA2796BE7000905287 /* Project object */;
			proxyType = 1;
			remoteGlobalIDString = C242CDB12796BE7000905287;
			remoteInfo = SeSAC_Friends;
		};
		C242CDD32796BE7300905287 /* PBXContainerItemProxy */ = {
			isa = PBXContainerItemProxy;
			containerPortal = C242CDAA2796BE7000905287 /* Project object */;
			proxyType = 1;
			remoteGlobalIDString = C242CDB12796BE7000905287;
			remoteInfo = SeSAC_Friends;
		};
/* End PBXContainerItemProxy section */

/* Begin PBXFileReference section */
		C23BA6AD279BCF2300AD2EE3 /* H40Button.swift */ = {isa = PBXFileReference; lastKnownFileType = sourcecode.swift; path = H40Button.swift; sourceTree = "<group>"; };
		C23BA6B4279C42EC00AD2EE3 /* InputViewContentType.swift */ = {isa = PBXFileReference; lastKnownFileType = sourcecode.swift; path = InputViewContentType.swift; sourceTree = "<group>"; };
		C23BA6B6279C554900AD2EE3 /* NickNameViewController.swift */ = {isa = PBXFileReference; lastKnownFileType = sourcecode.swift; path = NickNameViewController.swift; sourceTree = "<group>"; };
		C23BA6B8279C5AF100AD2EE3 /* BirthDayViewController.swift */ = {isa = PBXFileReference; lastKnownFileType = sourcecode.swift; path = BirthDayViewController.swift; sourceTree = "<group>"; };
		C23BA6BC279D6CC200AD2EE3 /* UserDefaults+Extension.swift */ = {isa = PBXFileReference; lastKnownFileType = sourcecode.swift; path = "UserDefaults+Extension.swift"; sourceTree = "<group>"; };
		C23BA6BE279D7C9C00AD2EE3 /* UserDefaultsWrapper.swift */ = {isa = PBXFileReference; lastKnownFileType = sourcecode.swift; path = UserDefaultsWrapper.swift; sourceTree = "<group>"; };
		C23BA6C1279D9C5400AD2EE3 /* FirebaseAuthService.swift */ = {isa = PBXFileReference; lastKnownFileType = sourcecode.swift; path = FirebaseAuthService.swift; sourceTree = "<group>"; };
		C23BA6C3279ECF0800AD2EE3 /* EndPoint.swift */ = {isa = PBXFileReference; lastKnownFileType = sourcecode.swift; path = EndPoint.swift; sourceTree = "<group>"; };
		C23BA6C5279EDB0E00AD2EE3 /* APIService.swift */ = {isa = PBXFileReference; lastKnownFileType = sourcecode.swift; path = APIService.swift; sourceTree = "<group>"; };
		C23BA6C7279FF34600AD2EE3 /* NickNameViewModel.swift */ = {isa = PBXFileReference; lastKnownFileType = sourcecode.swift; path = NickNameViewModel.swift; sourceTree = "<group>"; };
		C23BA6C927A02A7900AD2EE3 /* Connectivity.swift */ = {isa = PBXFileReference; lastKnownFileType = sourcecode.swift; path = Connectivity.swift; sourceTree = "<group>"; };
		C23BA6CB27A16B3A00AD2EE3 /* BirthViewModel.swift */ = {isa = PBXFileReference; lastKnownFileType = sourcecode.swift; path = BirthViewModel.swift; sourceTree = "<group>"; };
		C242CDB22796BE7000905287 /* SeSAC_Friends.app */ = {isa = PBXFileReference; explicitFileType = wrapper.application; includeInIndex = 0; path = SeSAC_Friends.app; sourceTree = BUILT_PRODUCTS_DIR; };
		C242CDB52796BE7000905287 /* AppDelegate.swift */ = {isa = PBXFileReference; lastKnownFileType = sourcecode.swift; path = AppDelegate.swift; sourceTree = "<group>"; };
		C242CDB72796BE7000905287 /* SceneDelegate.swift */ = {isa = PBXFileReference; lastKnownFileType = sourcecode.swift; path = SceneDelegate.swift; sourceTree = "<group>"; };
		C242CDB92796BE7000905287 /* RequestAuthViewController.swift */ = {isa = PBXFileReference; lastKnownFileType = sourcecode.swift; path = RequestAuthViewController.swift; sourceTree = "<group>"; };
		C242CDBE2796BE7200905287 /* Assets.xcassets */ = {isa = PBXFileReference; lastKnownFileType = folder.assetcatalog; path = Assets.xcassets; sourceTree = "<group>"; };
		C242CDC12796BE7200905287 /* Base */ = {isa = PBXFileReference; lastKnownFileType = file.storyboard; name = Base; path = Base.lproj/LaunchScreen.storyboard; sourceTree = "<group>"; };
		C242CDC32796BE7200905287 /* Info.plist */ = {isa = PBXFileReference; lastKnownFileType = text.plist.xml; path = Info.plist; sourceTree = "<group>"; };
		C242CDC82796BE7300905287 /* SeSAC_FriendsTests.xctest */ = {isa = PBXFileReference; explicitFileType = wrapper.cfbundle; includeInIndex = 0; path = SeSAC_FriendsTests.xctest; sourceTree = BUILT_PRODUCTS_DIR; };
		C242CDCC2796BE7300905287 /* SeSAC_FriendsTests.swift */ = {isa = PBXFileReference; lastKnownFileType = sourcecode.swift; path = SeSAC_FriendsTests.swift; sourceTree = "<group>"; };
		C242CDD22796BE7300905287 /* SeSAC_FriendsUITests.xctest */ = {isa = PBXFileReference; explicitFileType = wrapper.cfbundle; includeInIndex = 0; path = SeSAC_FriendsUITests.xctest; sourceTree = BUILT_PRODUCTS_DIR; };
		C242CDD62796BE7300905287 /* SeSAC_FriendsUITests.swift */ = {isa = PBXFileReference; lastKnownFileType = sourcecode.swift; path = SeSAC_FriendsUITests.swift; sourceTree = "<group>"; };
		C242CDD82796BE7300905287 /* SeSAC_FriendsUITestsLaunchTests.swift */ = {isa = PBXFileReference; lastKnownFileType = sourcecode.swift; path = SeSAC_FriendsUITestsLaunchTests.swift; sourceTree = "<group>"; };
		C28377AE2796E36100151297 /* UIColor+Extension.swift */ = {isa = PBXFileReference; lastKnownFileType = sourcecode.swift; path = "UIColor+Extension.swift"; sourceTree = "<group>"; };
		C28377B42796EEEE00151297 /* NotoSansKR-Medium.otf */ = {isa = PBXFileReference; lastKnownFileType = file; path = "NotoSansKR-Medium.otf"; sourceTree = "<group>"; };
		C28377B62796EEEE00151297 /* NotoSansKR-Regular.otf */ = {isa = PBXFileReference; lastKnownFileType = file; path = "NotoSansKR-Regular.otf"; sourceTree = "<group>"; };
		C28377BE2796F1C900151297 /* UIFont+Extension.swift */ = {isa = PBXFileReference; lastKnownFileType = sourcecode.swift; path = "UIFont+Extension.swift"; sourceTree = "<group>"; };
		C28377C527971D0200151297 /* OnBoardingViewController.swift */ = {isa = PBXFileReference; lastKnownFileType = sourcecode.swift; path = OnBoardingViewController.swift; sourceTree = "<group>"; };
		C28377C827971E5800151297 /* AuthView.swift */ = {isa = PBXFileReference; lastKnownFileType = sourcecode.swift; path = AuthView.swift; sourceTree = "<group>"; };
		C28377CB27971E7300151297 /* ViewRepresentable.swift */ = {isa = PBXFileReference; lastKnownFileType = sourcecode.swift; path = ViewRepresentable.swift; sourceTree = "<group>"; };
		C28377DD279728E700151297 /* UIButton+Extension.swift */ = {isa = PBXFileReference; lastKnownFileType = sourcecode.swift; path = "UIButton+Extension.swift"; sourceTree = "<group>"; };
		C28377DF2797F1D400151297 /* UILabel+Extension.swift */ = {isa = PBXFileReference; lastKnownFileType = sourcecode.swift; path = "UILabel+Extension.swift"; sourceTree = "<group>"; };
		C28377E12797FE3F00151297 /* H48Button.swift */ = {isa = PBXFileReference; lastKnownFileType = sourcecode.swift; path = H48Button.swift; sourceTree = "<group>"; };
		C28377E427980E1000151297 /* ButtonState.swift */ = {isa = PBXFileReference; lastKnownFileType = sourcecode.swift; path = ButtonState.swift; sourceTree = "<group>"; };
		C28377E6279825D000151297 /* RequestAuthViewModel.swift */ = {isa = PBXFileReference; lastKnownFileType = sourcecode.swift; path = RequestAuthViewModel.swift; sourceTree = "<group>"; };
		C28377E8279825EF00151297 /* ViewModelType.swift */ = {isa = PBXFileReference; lastKnownFileType = sourcecode.swift; path = ViewModelType.swift; sourceTree = "<group>"; };
		C28377EB279831F000151297 /* InputView.swift */ = {isa = PBXFileReference; lastKnownFileType = sourcecode.swift; path = InputView.swift; sourceTree = "<group>"; };
		C28377ED2798674A00151297 /* GoogleService-Info.plist */ = {isa = PBXFileReference; fileEncoding = 4; lastKnownFileType = text.plist.xml; path = "GoogleService-Info.plist"; sourceTree = "<group>"; };
		C28377EF27987D0A00151297 /* TextFieldState.swift */ = {isa = PBXFileReference; lastKnownFileType = sourcecode.swift; path = TextFieldState.swift; sourceTree = "<group>"; };
		C28377F127988C0500151297 /* LogInViewController.swift */ = {isa = PBXFileReference; lastKnownFileType = sourcecode.swift; path = LogInViewController.swift; sourceTree = "<group>"; };
		C28377F42799A41000151297 /* LoginViewModel.swift */ = {isa = PBXFileReference; lastKnownFileType = sourcecode.swift; path = LoginViewModel.swift; sourceTree = "<group>"; };
/* End PBXFileReference section */

/* Begin PBXFrameworksBuildPhase section */
		C242CDAF2796BE7000905287 /* Frameworks */ = {
			isa = PBXFrameworksBuildPhase;
			buildActionMask = 2147483647;
			files = (
				C23BA6AC279AF7D400AD2EE3 /* FirebaseMessaging in Frameworks */,
				C28377D12797209500151297 /* RxRelay in Frameworks */,
				C28377CF2797209500151297 /* RxCocoa in Frameworks */,
				C28377D32797209500151297 /* RxSwift in Frameworks */,
				C28377DC279720D800151297 /* Then in Frameworks */,
				C28377D9279720CA00151297 /* Alamofire in Frameworks */,
				C28377D6279720B900151297 /* Toast in Frameworks */,
				C28377C32796F78200151297 /* SnapKit in Frameworks */,
				C23BA6AA279AF7D400AD2EE3 /* FirebaseAuth in Frameworks */,
			);
			runOnlyForDeploymentPostprocessing = 0;
		};
		C242CDC52796BE7300905287 /* Frameworks */ = {
			isa = PBXFrameworksBuildPhase;
			buildActionMask = 2147483647;
			files = (
			);
			runOnlyForDeploymentPostprocessing = 0;
		};
		C242CDCF2796BE7300905287 /* Frameworks */ = {
			isa = PBXFrameworksBuildPhase;
			buildActionMask = 2147483647;
			files = (
			);
			runOnlyForDeploymentPostprocessing = 0;
		};
/* End PBXFrameworksBuildPhase section */

/* Begin PBXGroup section */
		C23BA6C0279D9C3600AD2EE3 /* Service */ = {
			isa = PBXGroup;
			children = (
				C23BA6C1279D9C5400AD2EE3 /* FirebaseAuthService.swift */,
				C23BA6C5279EDB0E00AD2EE3 /* APIService.swift */,
			);
			path = Service;
			sourceTree = "<group>";
		};
		C242CDA92796BE7000905287 = {
			isa = PBXGroup;
			children = (
				C242CDB42796BE7000905287 /* SeSAC_Friends */,
				C242CDCB2796BE7300905287 /* SeSAC_FriendsTests */,
				C242CDD52796BE7300905287 /* SeSAC_FriendsUITests */,
				C242CDB32796BE7000905287 /* Products */,
			);
			sourceTree = "<group>";
		};
		C242CDB32796BE7000905287 /* Products */ = {
			isa = PBXGroup;
			children = (
				C242CDB22796BE7000905287 /* SeSAC_Friends.app */,
				C242CDC82796BE7300905287 /* SeSAC_FriendsTests.xctest */,
				C242CDD22796BE7300905287 /* SeSAC_FriendsUITests.xctest */,
			);
			name = Products;
			sourceTree = "<group>";
		};
		C242CDB42796BE7000905287 /* SeSAC_Friends */ = {
			isa = PBXGroup;
			children = (
				C23BA6C0279D9C3600AD2EE3 /* Service */,
				C28377E327980E0000151297 /* Util */,
				C28377CA27971E5C00151297 /* Protocol */,
				C28377C727971E3800151297 /* Reusable */,
				C28377AD2796E35400151297 /* Extension */,
				C28377AC2796DA0800151297 /* Resource */,
				C28377AB2796DA0100151297 /* Model */,
				C28377AA2796D9FC00151297 /* ViewModel */,
				C28377A92796D9F800151297 /* Pages */,
				C242CDC02796BE7200905287 /* LaunchScreen.storyboard */,
				C242CDC32796BE7200905287 /* Info.plist */,
				C28377ED2798674A00151297 /* GoogleService-Info.plist */,
			);
			path = SeSAC_Friends;
			sourceTree = "<group>";
		};
		C242CDCB2796BE7300905287 /* SeSAC_FriendsTests */ = {
			isa = PBXGroup;
			children = (
				C242CDCC2796BE7300905287 /* SeSAC_FriendsTests.swift */,
			);
			path = SeSAC_FriendsTests;
			sourceTree = "<group>";
		};
		C242CDD52796BE7300905287 /* SeSAC_FriendsUITests */ = {
			isa = PBXGroup;
			children = (
				C242CDD62796BE7300905287 /* SeSAC_FriendsUITests.swift */,
				C242CDD82796BE7300905287 /* SeSAC_FriendsUITestsLaunchTests.swift */,
			);
			path = SeSAC_FriendsUITests;
			sourceTree = "<group>";
		};
		C28377A92796D9F800151297 /* Pages */ = {
			isa = PBXGroup;
			children = (
				C28377C427971CC400151297 /* OnBoarding */,
				C28377C02796F64C00151297 /* Auth */,
			);
			path = Pages;
			sourceTree = "<group>";
		};
		C28377AA2796D9FC00151297 /* ViewModel */ = {
			isa = PBXGroup;
			children = (
				C28377F32799A3EF00151297 /* Auth */,
			);
			path = ViewModel;
			sourceTree = "<group>";
		};
		C28377AB2796DA0100151297 /* Model */ = {
			isa = PBXGroup;
			children = (
			);
			path = Model;
			sourceTree = "<group>";
		};
		C28377AC2796DA0800151297 /* Resource */ = {
			isa = PBXGroup;
			children = (
				C28377B12796EEDB00151297 /* Font */,
				C242CDB52796BE7000905287 /* AppDelegate.swift */,
				C242CDB72796BE7000905287 /* SceneDelegate.swift */,
				C242CDBE2796BE7200905287 /* Assets.xcassets */,
			);
			path = Resource;
			sourceTree = "<group>";
		};
		C28377AD2796E35400151297 /* Extension */ = {
			isa = PBXGroup;
			children = (
				C28377AE2796E36100151297 /* UIColor+Extension.swift */,
				C28377BE2796F1C900151297 /* UIFont+Extension.swift */,
				C28377DD279728E700151297 /* UIButton+Extension.swift */,
				C28377DF2797F1D400151297 /* UILabel+Extension.swift */,
				C23BA6BC279D6CC200AD2EE3 /* UserDefaults+Extension.swift */,
			);
			path = Extension;
			sourceTree = "<group>";
		};
		C28377B12796EEDB00151297 /* Font */ = {
			isa = PBXGroup;
			children = (
				C28377B42796EEEE00151297 /* NotoSansKR-Medium.otf */,
				C28377B62796EEEE00151297 /* NotoSansKR-Regular.otf */,
			);
			path = Font;
			sourceTree = "<group>";
		};
		C28377C02796F64C00151297 /* Auth */ = {
			isa = PBXGroup;
			children = (
				C242CDB92796BE7000905287 /* RequestAuthViewController.swift */,
				C28377F127988C0500151297 /* LogInViewController.swift */,
				C23BA6B6279C554900AD2EE3 /* NickNameViewController.swift */,
				C23BA6B8279C5AF100AD2EE3 /* BirthDayViewController.swift */,
			);
			path = Auth;
			sourceTree = "<group>";
		};
		C28377C427971CC400151297 /* OnBoarding */ = {
			isa = PBXGroup;
			children = (
				C28377C527971D0200151297 /* OnBoardingViewController.swift */,
			);
			path = OnBoarding;
			sourceTree = "<group>";
		};
		C28377C727971E3800151297 /* Reusable */ = {
			isa = PBXGroup;
			children = (
				C28377C827971E5800151297 /* AuthView.swift */,
				C28377E12797FE3F00151297 /* H48Button.swift */,
				C23BA6AD279BCF2300AD2EE3 /* H40Button.swift */,
				C28377EB279831F000151297 /* InputView.swift */,
			);
			path = Reusable;
			sourceTree = "<group>";
		};
		C28377CA27971E5C00151297 /* Protocol */ = {
			isa = PBXGroup;
			children = (
				C28377CB27971E7300151297 /* ViewRepresentable.swift */,
				C28377E8279825EF00151297 /* ViewModelType.swift */,
			);
			path = Protocol;
			sourceTree = "<group>";
		};
		C28377E327980E0000151297 /* Util */ = {
			isa = PBXGroup;
			children = (
				C28377E427980E1000151297 /* ButtonState.swift */,
				C28377EF27987D0A00151297 /* TextFieldState.swift */,
				C23BA6B4279C42EC00AD2EE3 /* InputViewContentType.swift */,
				C23BA6BE279D7C9C00AD2EE3 /* UserDefaultsWrapper.swift */,
				C23BA6C927A02A7900AD2EE3 /* Connectivity.swift */,
				C23BA6C3279ECF0800AD2EE3 /* EndPoint.swift */,
			);
			path = Util;
			sourceTree = "<group>";
		};
		C28377F32799A3EF00151297 /* Auth */ = {
			isa = PBXGroup;
			children = (
				C28377E6279825D000151297 /* RequestAuthViewModel.swift */,
				C28377F42799A41000151297 /* LoginViewModel.swift */,
				C23BA6C7279FF34600AD2EE3 /* NickNameViewModel.swift */,
				C23BA6CB27A16B3A00AD2EE3 /* BirthViewModel.swift */,
			);
			path = Auth;
			sourceTree = "<group>";
		};
/* End PBXGroup section */

/* Begin PBXNativeTarget section */
		C242CDB12796BE7000905287 /* SeSAC_Friends */ = {
			isa = PBXNativeTarget;
			buildConfigurationList = C242CDDC2796BE7300905287 /* Build configuration list for PBXNativeTarget "SeSAC_Friends" */;
			buildPhases = (
				C242CDAE2796BE7000905287 /* Sources */,
				C242CDAF2796BE7000905287 /* Frameworks */,
				C242CDB02796BE7000905287 /* Resources */,
				C28377EA27982A0B00151297 /* ShellScript */,
			);
			buildRules = (
			);
			dependencies = (
			);
			name = SeSAC_Friends;
			packageProductDependencies = (
				C28377C22796F78200151297 /* SnapKit */,
				C28377CE2797209500151297 /* RxCocoa */,
				C28377D02797209500151297 /* RxRelay */,
				C28377D22797209500151297 /* RxSwift */,
				C28377D5279720B900151297 /* Toast */,
				C28377D8279720CA00151297 /* Alamofire */,
				C28377DB279720D800151297 /* Then */,
				C23BA6A9279AF7D400AD2EE3 /* FirebaseAuth */,
				C23BA6AB279AF7D400AD2EE3 /* FirebaseMessaging */,
			);
			productName = SeSAC_Friends;
			productReference = C242CDB22796BE7000905287 /* SeSAC_Friends.app */;
			productType = "com.apple.product-type.application";
		};
		C242CDC72796BE7300905287 /* SeSAC_FriendsTests */ = {
			isa = PBXNativeTarget;
			buildConfigurationList = C242CDDF2796BE7300905287 /* Build configuration list for PBXNativeTarget "SeSAC_FriendsTests" */;
			buildPhases = (
				C242CDC42796BE7300905287 /* Sources */,
				C242CDC52796BE7300905287 /* Frameworks */,
				C242CDC62796BE7300905287 /* Resources */,
			);
			buildRules = (
			);
			dependencies = (
				C242CDCA2796BE7300905287 /* PBXTargetDependency */,
			);
			name = SeSAC_FriendsTests;
			productName = SeSAC_FriendsTests;
			productReference = C242CDC82796BE7300905287 /* SeSAC_FriendsTests.xctest */;
			productType = "com.apple.product-type.bundle.unit-test";
		};
		C242CDD12796BE7300905287 /* SeSAC_FriendsUITests */ = {
			isa = PBXNativeTarget;
			buildConfigurationList = C242CDE22796BE7300905287 /* Build configuration list for PBXNativeTarget "SeSAC_FriendsUITests" */;
			buildPhases = (
				C242CDCE2796BE7300905287 /* Sources */,
				C242CDCF2796BE7300905287 /* Frameworks */,
				C242CDD02796BE7300905287 /* Resources */,
			);
			buildRules = (
			);
			dependencies = (
				C242CDD42796BE7300905287 /* PBXTargetDependency */,
			);
			name = SeSAC_FriendsUITests;
			productName = SeSAC_FriendsUITests;
			productReference = C242CDD22796BE7300905287 /* SeSAC_FriendsUITests.xctest */;
			productType = "com.apple.product-type.bundle.ui-testing";
		};
/* End PBXNativeTarget section */

/* Begin PBXProject section */
		C242CDAA2796BE7000905287 /* Project object */ = {
			isa = PBXProject;
			attributes = {
				BuildIndependentTargetsInParallel = 1;
				LastSwiftUpdateCheck = 1310;
				LastUpgradeCheck = 1310;
				TargetAttributes = {
					C242CDB12796BE7000905287 = {
						CreatedOnToolsVersion = 13.1;
					};
					C242CDC72796BE7300905287 = {
						CreatedOnToolsVersion = 13.1;
						TestTargetID = C242CDB12796BE7000905287;
					};
					C242CDD12796BE7300905287 = {
						CreatedOnToolsVersion = 13.1;
						TestTargetID = C242CDB12796BE7000905287;
					};
				};
			};
			buildConfigurationList = C242CDAD2796BE7000905287 /* Build configuration list for PBXProject "SeSAC_Friends" */;
			compatibilityVersion = "Xcode 13.0";
			developmentRegion = en;
			hasScannedForEncodings = 0;
			knownRegions = (
				en,
				Base,
			);
			mainGroup = C242CDA92796BE7000905287;
			packageReferences = (
				C28377C12796F78200151297 /* XCRemoteSwiftPackageReference "SnapKit" */,
				C28377CD2797209500151297 /* XCRemoteSwiftPackageReference "RxSwift" */,
				C28377D4279720B900151297 /* XCRemoteSwiftPackageReference "Toast-Swift" */,
				C28377D7279720CA00151297 /* XCRemoteSwiftPackageReference "Alamofire" */,
				C28377DA279720D800151297 /* XCRemoteSwiftPackageReference "Then" */,
				C23BA6A8279AF7D400AD2EE3 /* XCRemoteSwiftPackageReference "firebase-ios-sdk" */,
			);
			productRefGroup = C242CDB32796BE7000905287 /* Products */;
			projectDirPath = "";
			projectRoot = "";
			targets = (
				C242CDB12796BE7000905287 /* SeSAC_Friends */,
				C242CDC72796BE7300905287 /* SeSAC_FriendsTests */,
				C242CDD12796BE7300905287 /* SeSAC_FriendsUITests */,
			);
		};
/* End PBXProject section */

/* Begin PBXResourcesBuildPhase section */
		C242CDB02796BE7000905287 /* Resources */ = {
			isa = PBXResourcesBuildPhase;
			buildActionMask = 2147483647;
			files = (
				C28377BA2796EEEE00151297 /* NotoSansKR-Medium.otf in Resources */,
				C242CDC22796BE7200905287 /* LaunchScreen.storyboard in Resources */,
				C28377EE2798674A00151297 /* GoogleService-Info.plist in Resources */,
				C242CDBF2796BE7200905287 /* Assets.xcassets in Resources */,
				C28377BC2796EEEE00151297 /* NotoSansKR-Regular.otf in Resources */,
			);
			runOnlyForDeploymentPostprocessing = 0;
		};
		C242CDC62796BE7300905287 /* Resources */ = {
			isa = PBXResourcesBuildPhase;
			buildActionMask = 2147483647;
			files = (
			);
			runOnlyForDeploymentPostprocessing = 0;
		};
		C242CDD02796BE7300905287 /* Resources */ = {
			isa = PBXResourcesBuildPhase;
			buildActionMask = 2147483647;
			files = (
			);
			runOnlyForDeploymentPostprocessing = 0;
		};
/* End PBXResourcesBuildPhase section */

/* Begin PBXShellScriptBuildPhase section */
		C28377EA27982A0B00151297 /* ShellScript */ = {
			isa = PBXShellScriptBuildPhase;
			buildActionMask = 2147483647;
			files = (
			);
			inputFileListPaths = (
			);
			inputPaths = (
			);
			outputFileListPaths = (
			);
			outputPaths = (
			);
			runOnlyForDeploymentPostprocessing = 0;
			shellPath = /bin/sh;
			shellScript = "# Type a script or drag a script file from your workspace to insert its path.\nif which swiftlint >/dev/null; then\n  swiftlint\nelse\n  echo \"warning: SwiftLint not installed, download from https://github.com/realm/SwiftLint\"\nfi\n";
		};
/* End PBXShellScriptBuildPhase section */

/* Begin PBXSourcesBuildPhase section */
		C242CDAE2796BE7000905287 /* Sources */ = {
			isa = PBXSourcesBuildPhase;
			buildActionMask = 2147483647;
			files = (
				C23BA6CC27A16B3A00AD2EE3 /* BirthViewModel.swift in Sources */,
				C23BA6C4279ECF0800AD2EE3 /* EndPoint.swift in Sources */,
				C28377C927971E5800151297 /* AuthView.swift in Sources */,
				C28377CC27971E7300151297 /* ViewRepresentable.swift in Sources */,
				C28377E22797FE3F00151297 /* H48Button.swift in Sources */,
				C28377E02797F1D400151297 /* UILabel+Extension.swift in Sources */,
				C23BA6BF279D7C9C00AD2EE3 /* UserDefaultsWrapper.swift in Sources */,
				C28377F227988C0500151297 /* LogInViewController.swift in Sources */,
				C23BA6C6279EDB0E00AD2EE3 /* APIService.swift in Sources */,
				C242CDBA2796BE7000905287 /* RequestAuthViewController.swift in Sources */,
				C28377E527980E1000151297 /* ButtonState.swift in Sources */,
				C23BA6CA27A02A7900AD2EE3 /* Connectivity.swift in Sources */,
				C28377E9279825EF00151297 /* ViewModelType.swift in Sources */,
				C28377F52799A41000151297 /* LoginViewModel.swift in Sources */,
				C242CDB62796BE7000905287 /* AppDelegate.swift in Sources */,
				C23BA6B7279C554900AD2EE3 /* NickNameViewController.swift in Sources */,
				C242CDB82796BE7000905287 /* SceneDelegate.swift in Sources */,
				C28377F027987D0A00151297 /* TextFieldState.swift in Sources */,
				C23BA6C8279FF34600AD2EE3 /* NickNameViewModel.swift in Sources */,
				C23BA6B5279C42EC00AD2EE3 /* InputViewContentType.swift in Sources */,
				C28377DE279728E700151297 /* UIButton+Extension.swift in Sources */,
				C23BA6BD279D6CC200AD2EE3 /* UserDefaults+Extension.swift in Sources */,
				C28377EC279831F000151297 /* InputView.swift in Sources */,
				C28377C627971D0300151297 /* OnBoardingViewController.swift in Sources */,
				C23BA6B9279C5AF100AD2EE3 /* BirthDayViewController.swift in Sources */,
				C23BA6C2279D9C5400AD2EE3 /* FirebaseAuthService.swift in Sources */,
				C28377BF2796F1C900151297 /* UIFont+Extension.swift in Sources */,
				C28377E7279825D000151297 /* RequestAuthViewModel.swift in Sources */,
				C28377AF2796E36100151297 /* UIColor+Extension.swift in Sources */,
				C23BA6AE279BCF2300AD2EE3 /* H40Button.swift in Sources */,
			);
			runOnlyForDeploymentPostprocessing = 0;
		};
		C242CDC42796BE7300905287 /* Sources */ = {
			isa = PBXSourcesBuildPhase;
			buildActionMask = 2147483647;
			files = (
				C242CDCD2796BE7300905287 /* SeSAC_FriendsTests.swift in Sources */,
			);
			runOnlyForDeploymentPostprocessing = 0;
		};
		C242CDCE2796BE7300905287 /* Sources */ = {
			isa = PBXSourcesBuildPhase;
			buildActionMask = 2147483647;
			files = (
				C242CDD92796BE7300905287 /* SeSAC_FriendsUITestsLaunchTests.swift in Sources */,
				C242CDD72796BE7300905287 /* SeSAC_FriendsUITests.swift in Sources */,
			);
			runOnlyForDeploymentPostprocessing = 0;
		};
/* End PBXSourcesBuildPhase section */

/* Begin PBXTargetDependency section */
		C242CDCA2796BE7300905287 /* PBXTargetDependency */ = {
			isa = PBXTargetDependency;
			target = C242CDB12796BE7000905287 /* SeSAC_Friends */;
			targetProxy = C242CDC92796BE7300905287 /* PBXContainerItemProxy */;
		};
		C242CDD42796BE7300905287 /* PBXTargetDependency */ = {
			isa = PBXTargetDependency;
			target = C242CDB12796BE7000905287 /* SeSAC_Friends */;
			targetProxy = C242CDD32796BE7300905287 /* PBXContainerItemProxy */;
		};
/* End PBXTargetDependency section */

/* Begin PBXVariantGroup section */
		C242CDC02796BE7200905287 /* LaunchScreen.storyboard */ = {
			isa = PBXVariantGroup;
			children = (
				C242CDC12796BE7200905287 /* Base */,
			);
			name = LaunchScreen.storyboard;
			sourceTree = "<group>";
		};
/* End PBXVariantGroup section */

/* Begin XCBuildConfiguration section */
		C242CDDA2796BE7300905287 /* Debug */ = {
			isa = XCBuildConfiguration;
			buildSettings = {
				ALWAYS_SEARCH_USER_PATHS = NO;
				CLANG_ANALYZER_NONNULL = YES;
				CLANG_ANALYZER_NUMBER_OBJECT_CONVERSION = YES_AGGRESSIVE;
				CLANG_CXX_LANGUAGE_STANDARD = "gnu++17";
				CLANG_CXX_LIBRARY = "libc++";
				CLANG_ENABLE_MODULES = YES;
				CLANG_ENABLE_OBJC_ARC = YES;
				CLANG_ENABLE_OBJC_WEAK = YES;
				CLANG_WARN_BLOCK_CAPTURE_AUTORELEASING = YES;
				CLANG_WARN_BOOL_CONVERSION = YES;
				CLANG_WARN_COMMA = YES;
				CLANG_WARN_CONSTANT_CONVERSION = YES;
				CLANG_WARN_DEPRECATED_OBJC_IMPLEMENTATIONS = YES;
				CLANG_WARN_DIRECT_OBJC_ISA_USAGE = YES_ERROR;
				CLANG_WARN_DOCUMENTATION_COMMENTS = YES;
				CLANG_WARN_EMPTY_BODY = YES;
				CLANG_WARN_ENUM_CONVERSION = YES;
				CLANG_WARN_INFINITE_RECURSION = YES;
				CLANG_WARN_INT_CONVERSION = YES;
				CLANG_WARN_NON_LITERAL_NULL_CONVERSION = YES;
				CLANG_WARN_OBJC_IMPLICIT_RETAIN_SELF = YES;
				CLANG_WARN_OBJC_LITERAL_CONVERSION = YES;
				CLANG_WARN_OBJC_ROOT_CLASS = YES_ERROR;
				CLANG_WARN_QUOTED_INCLUDE_IN_FRAMEWORK_HEADER = YES;
				CLANG_WARN_RANGE_LOOP_ANALYSIS = YES;
				CLANG_WARN_STRICT_PROTOTYPES = YES;
				CLANG_WARN_SUSPICIOUS_MOVE = YES;
				CLANG_WARN_UNGUARDED_AVAILABILITY = YES_AGGRESSIVE;
				CLANG_WARN_UNREACHABLE_CODE = YES;
				CLANG_WARN__DUPLICATE_METHOD_MATCH = YES;
				COPY_PHASE_STRIP = NO;
				DEBUG_INFORMATION_FORMAT = dwarf;
				ENABLE_STRICT_OBJC_MSGSEND = YES;
				ENABLE_TESTABILITY = YES;
				GCC_C_LANGUAGE_STANDARD = gnu11;
				GCC_DYNAMIC_NO_PIC = NO;
				GCC_NO_COMMON_BLOCKS = YES;
				GCC_OPTIMIZATION_LEVEL = 0;
				GCC_PREPROCESSOR_DEFINITIONS = (
					"DEBUG=1",
					"$(inherited)",
				);
				GCC_WARN_64_TO_32_BIT_CONVERSION = YES;
				GCC_WARN_ABOUT_RETURN_TYPE = YES_ERROR;
				GCC_WARN_UNDECLARED_SELECTOR = YES;
				GCC_WARN_UNINITIALIZED_AUTOS = YES_AGGRESSIVE;
				GCC_WARN_UNUSED_FUNCTION = YES;
				GCC_WARN_UNUSED_VARIABLE = YES;
				IPHONEOS_DEPLOYMENT_TARGET = 14.0;
				MTL_ENABLE_DEBUG_INFO = INCLUDE_SOURCE;
				MTL_FAST_MATH = YES;
				ONLY_ACTIVE_ARCH = YES;
				SDKROOT = iphoneos;
				SWIFT_ACTIVE_COMPILATION_CONDITIONS = DEBUG;
				SWIFT_OPTIMIZATION_LEVEL = "-Onone";
			};
			name = Debug;
		};
		C242CDDB2796BE7300905287 /* Release */ = {
			isa = XCBuildConfiguration;
			buildSettings = {
				ALWAYS_SEARCH_USER_PATHS = NO;
				CLANG_ANALYZER_NONNULL = YES;
				CLANG_ANALYZER_NUMBER_OBJECT_CONVERSION = YES_AGGRESSIVE;
				CLANG_CXX_LANGUAGE_STANDARD = "gnu++17";
				CLANG_CXX_LIBRARY = "libc++";
				CLANG_ENABLE_MODULES = YES;
				CLANG_ENABLE_OBJC_ARC = YES;
				CLANG_ENABLE_OBJC_WEAK = YES;
				CLANG_WARN_BLOCK_CAPTURE_AUTORELEASING = YES;
				CLANG_WARN_BOOL_CONVERSION = YES;
				CLANG_WARN_COMMA = YES;
				CLANG_WARN_CONSTANT_CONVERSION = YES;
				CLANG_WARN_DEPRECATED_OBJC_IMPLEMENTATIONS = YES;
				CLANG_WARN_DIRECT_OBJC_ISA_USAGE = YES_ERROR;
				CLANG_WARN_DOCUMENTATION_COMMENTS = YES;
				CLANG_WARN_EMPTY_BODY = YES;
				CLANG_WARN_ENUM_CONVERSION = YES;
				CLANG_WARN_INFINITE_RECURSION = YES;
				CLANG_WARN_INT_CONVERSION = YES;
				CLANG_WARN_NON_LITERAL_NULL_CONVERSION = YES;
				CLANG_WARN_OBJC_IMPLICIT_RETAIN_SELF = YES;
				CLANG_WARN_OBJC_LITERAL_CONVERSION = YES;
				CLANG_WARN_OBJC_ROOT_CLASS = YES_ERROR;
				CLANG_WARN_QUOTED_INCLUDE_IN_FRAMEWORK_HEADER = YES;
				CLANG_WARN_RANGE_LOOP_ANALYSIS = YES;
				CLANG_WARN_STRICT_PROTOTYPES = YES;
				CLANG_WARN_SUSPICIOUS_MOVE = YES;
				CLANG_WARN_UNGUARDED_AVAILABILITY = YES_AGGRESSIVE;
				CLANG_WARN_UNREACHABLE_CODE = YES;
				CLANG_WARN__DUPLICATE_METHOD_MATCH = YES;
				COPY_PHASE_STRIP = NO;
				DEBUG_INFORMATION_FORMAT = "dwarf-with-dsym";
				ENABLE_NS_ASSERTIONS = NO;
				ENABLE_STRICT_OBJC_MSGSEND = YES;
				GCC_C_LANGUAGE_STANDARD = gnu11;
				GCC_NO_COMMON_BLOCKS = YES;
				GCC_WARN_64_TO_32_BIT_CONVERSION = YES;
				GCC_WARN_ABOUT_RETURN_TYPE = YES_ERROR;
				GCC_WARN_UNDECLARED_SELECTOR = YES;
				GCC_WARN_UNINITIALIZED_AUTOS = YES_AGGRESSIVE;
				GCC_WARN_UNUSED_FUNCTION = YES;
				GCC_WARN_UNUSED_VARIABLE = YES;
				IPHONEOS_DEPLOYMENT_TARGET = 14.0;
				MTL_ENABLE_DEBUG_INFO = NO;
				MTL_FAST_MATH = YES;
				SDKROOT = iphoneos;
				SWIFT_COMPILATION_MODE = wholemodule;
				SWIFT_OPTIMIZATION_LEVEL = "-O";
				VALIDATE_PRODUCT = YES;
			};
			name = Release;
		};
		C242CDDD2796BE7300905287 /* Debug */ = {
			isa = XCBuildConfiguration;
			buildSettings = {
				ASSETCATALOG_COMPILER_APPICON_NAME = AppIcon;
				ASSETCATALOG_COMPILER_GLOBAL_ACCENT_COLOR_NAME = AccentColor;
				CODE_SIGN_STYLE = Automatic;
				CURRENT_PROJECT_VERSION = 1;
				DEVELOPMENT_TEAM = 2EZ5QWFYX2;
				GENERATE_INFOPLIST_FILE = YES;
				INFOPLIST_FILE = SeSAC_Friends/Info.plist;
				INFOPLIST_KEY_UIApplicationSupportsIndirectInputEvents = YES;
				INFOPLIST_KEY_UILaunchStoryboardName = LaunchScreen;
				INFOPLIST_KEY_UISupportedInterfaceOrientations_iPad = "UIInterfaceOrientationPortrait UIInterfaceOrientationPortraitUpsideDown UIInterfaceOrientationLandscapeLeft UIInterfaceOrientationLandscapeRight";
				INFOPLIST_KEY_UISupportedInterfaceOrientations_iPhone = "UIInterfaceOrientationPortrait UIInterfaceOrientationLandscapeLeft UIInterfaceOrientationLandscapeRight";
				LD_RUNPATH_SEARCH_PATHS = (
					"$(inherited)",
					"@executable_path/Frameworks",
				);
				MARKETING_VERSION = 1.0;
				PRODUCT_BUNDLE_IDENTIFIER = com.memolease.sesac1;
				PRODUCT_NAME = "$(TARGET_NAME)";
				SWIFT_EMIT_LOC_STRINGS = YES;
				SWIFT_VERSION = 5.0;
				TARGETED_DEVICE_FAMILY = 1;
			};
			name = Debug;
		};
		C242CDDE2796BE7300905287 /* Release */ = {
			isa = XCBuildConfiguration;
			buildSettings = {
				ASSETCATALOG_COMPILER_APPICON_NAME = AppIcon;
				ASSETCATALOG_COMPILER_GLOBAL_ACCENT_COLOR_NAME = AccentColor;
				CODE_SIGN_STYLE = Automatic;
				CURRENT_PROJECT_VERSION = 1;
				DEVELOPMENT_TEAM = 2EZ5QWFYX2;
				GENERATE_INFOPLIST_FILE = YES;
				INFOPLIST_FILE = SeSAC_Friends/Info.plist;
				INFOPLIST_KEY_UIApplicationSupportsIndirectInputEvents = YES;
				INFOPLIST_KEY_UILaunchStoryboardName = LaunchScreen;
				INFOPLIST_KEY_UISupportedInterfaceOrientations_iPad = "UIInterfaceOrientationPortrait UIInterfaceOrientationPortraitUpsideDown UIInterfaceOrientationLandscapeLeft UIInterfaceOrientationLandscapeRight";
				INFOPLIST_KEY_UISupportedInterfaceOrientations_iPhone = "UIInterfaceOrientationPortrait UIInterfaceOrientationLandscapeLeft UIInterfaceOrientationLandscapeRight";
				LD_RUNPATH_SEARCH_PATHS = (
					"$(inherited)",
					"@executable_path/Frameworks",
				);
				MARKETING_VERSION = 1.0;
				PRODUCT_BUNDLE_IDENTIFIER = com.memolease.sesac1;
				PRODUCT_NAME = "$(TARGET_NAME)";
				SWIFT_EMIT_LOC_STRINGS = YES;
				SWIFT_VERSION = 5.0;
				TARGETED_DEVICE_FAMILY = 1;
			};
			name = Release;
		};
		C242CDE02796BE7300905287 /* Debug */ = {
			isa = XCBuildConfiguration;
			buildSettings = {
				ALWAYS_EMBED_SWIFT_STANDARD_LIBRARIES = YES;
				BUNDLE_LOADER = "$(TEST_HOST)";
				CODE_SIGN_STYLE = Automatic;
				CURRENT_PROJECT_VERSION = 1;
				DEVELOPMENT_TEAM = H3V637RY5A;
				GENERATE_INFOPLIST_FILE = YES;
				IPHONEOS_DEPLOYMENT_TARGET = 15.0;
				LD_RUNPATH_SEARCH_PATHS = (
					"$(inherited)",
					"@executable_path/Frameworks",
					"@loader_path/Frameworks",
				);
				MARKETING_VERSION = 1.0;
				PRODUCT_BUNDLE_IDENTIFIER = "kr.yeonpark.SeSAC-FriendsTests";
				PRODUCT_NAME = "$(TARGET_NAME)";
				SWIFT_EMIT_LOC_STRINGS = NO;
				SWIFT_VERSION = 5.0;
				TARGETED_DEVICE_FAMILY = "1,2";
				TEST_HOST = "$(BUILT_PRODUCTS_DIR)/SeSAC_Friends.app/SeSAC_Friends";
			};
			name = Debug;
		};
		C242CDE12796BE7300905287 /* Release */ = {
			isa = XCBuildConfiguration;
			buildSettings = {
				ALWAYS_EMBED_SWIFT_STANDARD_LIBRARIES = YES;
				BUNDLE_LOADER = "$(TEST_HOST)";
				CODE_SIGN_STYLE = Automatic;
				CURRENT_PROJECT_VERSION = 1;
				DEVELOPMENT_TEAM = H3V637RY5A;
				GENERATE_INFOPLIST_FILE = YES;
				IPHONEOS_DEPLOYMENT_TARGET = 15.0;
				LD_RUNPATH_SEARCH_PATHS = (
					"$(inherited)",
					"@executable_path/Frameworks",
					"@loader_path/Frameworks",
				);
				MARKETING_VERSION = 1.0;
				PRODUCT_BUNDLE_IDENTIFIER = "kr.yeonpark.SeSAC-FriendsTests";
				PRODUCT_NAME = "$(TARGET_NAME)";
				SWIFT_EMIT_LOC_STRINGS = NO;
				SWIFT_VERSION = 5.0;
				TARGETED_DEVICE_FAMILY = "1,2";
				TEST_HOST = "$(BUILT_PRODUCTS_DIR)/SeSAC_Friends.app/SeSAC_Friends";
			};
			name = Release;
		};
		C242CDE32796BE7300905287 /* Debug */ = {
			isa = XCBuildConfiguration;
			buildSettings = {
				ALWAYS_EMBED_SWIFT_STANDARD_LIBRARIES = YES;
				CODE_SIGN_STYLE = Automatic;
				CURRENT_PROJECT_VERSION = 1;
				DEVELOPMENT_TEAM = H3V637RY5A;
				GENERATE_INFOPLIST_FILE = YES;
				LD_RUNPATH_SEARCH_PATHS = (
					"$(inherited)",
					"@executable_path/Frameworks",
					"@loader_path/Frameworks",
				);
				MARKETING_VERSION = 1.0;
				PRODUCT_BUNDLE_IDENTIFIER = "kr.yeonpark.SeSAC-FriendsUITests";
				PRODUCT_NAME = "$(TARGET_NAME)";
				SWIFT_EMIT_LOC_STRINGS = NO;
				SWIFT_VERSION = 5.0;
				TARGETED_DEVICE_FAMILY = "1,2";
				TEST_TARGET_NAME = SeSAC_Friends;
			};
			name = Debug;
		};
		C242CDE42796BE7300905287 /* Release */ = {
			isa = XCBuildConfiguration;
			buildSettings = {
				ALWAYS_EMBED_SWIFT_STANDARD_LIBRARIES = YES;
				CODE_SIGN_STYLE = Automatic;
				CURRENT_PROJECT_VERSION = 1;
				DEVELOPMENT_TEAM = H3V637RY5A;
				GENERATE_INFOPLIST_FILE = YES;
				LD_RUNPATH_SEARCH_PATHS = (
					"$(inherited)",
					"@executable_path/Frameworks",
					"@loader_path/Frameworks",
				);
				MARKETING_VERSION = 1.0;
				PRODUCT_BUNDLE_IDENTIFIER = "kr.yeonpark.SeSAC-FriendsUITests";
				PRODUCT_NAME = "$(TARGET_NAME)";
				SWIFT_EMIT_LOC_STRINGS = NO;
				SWIFT_VERSION = 5.0;
				TARGETED_DEVICE_FAMILY = "1,2";
				TEST_TARGET_NAME = SeSAC_Friends;
			};
			name = Release;
		};
/* End XCBuildConfiguration section */

/* Begin XCConfigurationList section */
		C242CDAD2796BE7000905287 /* Build configuration list for PBXProject "SeSAC_Friends" */ = {
			isa = XCConfigurationList;
			buildConfigurations = (
				C242CDDA2796BE7300905287 /* Debug */,
				C242CDDB2796BE7300905287 /* Release */,
			);
			defaultConfigurationIsVisible = 0;
			defaultConfigurationName = Release;
		};
		C242CDDC2796BE7300905287 /* Build configuration list for PBXNativeTarget "SeSAC_Friends" */ = {
			isa = XCConfigurationList;
			buildConfigurations = (
				C242CDDD2796BE7300905287 /* Debug */,
				C242CDDE2796BE7300905287 /* Release */,
			);
			defaultConfigurationIsVisible = 0;
			defaultConfigurationName = Release;
		};
		C242CDDF2796BE7300905287 /* Build configuration list for PBXNativeTarget "SeSAC_FriendsTests" */ = {
			isa = XCConfigurationList;
			buildConfigurations = (
				C242CDE02796BE7300905287 /* Debug */,
				C242CDE12796BE7300905287 /* Release */,
			);
			defaultConfigurationIsVisible = 0;
			defaultConfigurationName = Release;
		};
		C242CDE22796BE7300905287 /* Build configuration list for PBXNativeTarget "SeSAC_FriendsUITests" */ = {
			isa = XCConfigurationList;
			buildConfigurations = (
				C242CDE32796BE7300905287 /* Debug */,
				C242CDE42796BE7300905287 /* Release */,
			);
			defaultConfigurationIsVisible = 0;
			defaultConfigurationName = Release;
		};
/* End XCConfigurationList section */

/* Begin XCRemoteSwiftPackageReference section */
		C23BA6A8279AF7D400AD2EE3 /* XCRemoteSwiftPackageReference "firebase-ios-sdk" */ = {
			isa = XCRemoteSwiftPackageReference;
			repositoryURL = "https://github.com/firebase/firebase-ios-sdk";
			requirement = {
				kind = upToNextMajorVersion;
				minimumVersion = 8.0.0;
			};
		};
		C28377C12796F78200151297 /* XCRemoteSwiftPackageReference "SnapKit" */ = {
			isa = XCRemoteSwiftPackageReference;
			repositoryURL = "https://github.com/SnapKit/SnapKit.git";
			requirement = {
				branch = develop;
				kind = branch;
			};
		};
		C28377CD2797209500151297 /* XCRemoteSwiftPackageReference "RxSwift" */ = {
			isa = XCRemoteSwiftPackageReference;
			repositoryURL = "https://github.com/ReactiveX/RxSwift.git";
			requirement = {
				kind = upToNextMajorVersion;
				minimumVersion = 6.0.0;
			};
		};
		C28377D4279720B900151297 /* XCRemoteSwiftPackageReference "Toast-Swift" */ = {
			isa = XCRemoteSwiftPackageReference;
			repositoryURL = "https://github.com/scalessec/Toast-Swift";
			requirement = {
				kind = upToNextMajorVersion;
				minimumVersion = 5.0.0;
			};
		};
		C28377D7279720CA00151297 /* XCRemoteSwiftPackageReference "Alamofire" */ = {
			isa = XCRemoteSwiftPackageReference;
			repositoryURL = "https://github.com/Alamofire/Alamofire.git";
			requirement = {
				kind = upToNextMajorVersion;
				minimumVersion = 5.0.0;
			};
		};
		C28377DA279720D800151297 /* XCRemoteSwiftPackageReference "Then" */ = {
			isa = XCRemoteSwiftPackageReference;
			repositoryURL = "https://github.com/devxoul/Then.git";
			requirement = {
				kind = upToNextMajorVersion;
				minimumVersion = 2.0.0;
			};
		};
/* End XCRemoteSwiftPackageReference section */

/* Begin XCSwiftPackageProductDependency section */
		C23BA6A9279AF7D400AD2EE3 /* FirebaseAuth */ = {
			isa = XCSwiftPackageProductDependency;
			package = C23BA6A8279AF7D400AD2EE3 /* XCRemoteSwiftPackageReference "firebase-ios-sdk" */;
			productName = FirebaseAuth;
		};
		C23BA6AB279AF7D400AD2EE3 /* FirebaseMessaging */ = {
			isa = XCSwiftPackageProductDependency;
			package = C23BA6A8279AF7D400AD2EE3 /* XCRemoteSwiftPackageReference "firebase-ios-sdk" */;
			productName = FirebaseMessaging;
		};
		C28377C22796F78200151297 /* SnapKit */ = {
			isa = XCSwiftPackageProductDependency;
			package = C28377C12796F78200151297 /* XCRemoteSwiftPackageReference "SnapKit" */;
			productName = SnapKit;
		};
		C28377CE2797209500151297 /* RxCocoa */ = {
			isa = XCSwiftPackageProductDependency;
			package = C28377CD2797209500151297 /* XCRemoteSwiftPackageReference "RxSwift" */;
			productName = RxCocoa;
		};
		C28377D02797209500151297 /* RxRelay */ = {
			isa = XCSwiftPackageProductDependency;
			package = C28377CD2797209500151297 /* XCRemoteSwiftPackageReference "RxSwift" */;
			productName = RxRelay;
		};
		C28377D22797209500151297 /* RxSwift */ = {
			isa = XCSwiftPackageProductDependency;
			package = C28377CD2797209500151297 /* XCRemoteSwiftPackageReference "RxSwift" */;
			productName = RxSwift;
		};
		C28377D5279720B900151297 /* Toast */ = {
			isa = XCSwiftPackageProductDependency;
			package = C28377D4279720B900151297 /* XCRemoteSwiftPackageReference "Toast-Swift" */;
			productName = Toast;
		};
		C28377D8279720CA00151297 /* Alamofire */ = {
			isa = XCSwiftPackageProductDependency;
			package = C28377D7279720CA00151297 /* XCRemoteSwiftPackageReference "Alamofire" */;
			productName = Alamofire;
		};
		C28377DB279720D800151297 /* Then */ = {
			isa = XCSwiftPackageProductDependency;
			package = C28377DA279720D800151297 /* XCRemoteSwiftPackageReference "Then" */;
			productName = Then;
		};
/* End XCSwiftPackageProductDependency section */
	};
	rootObject = C242CDAA2796BE7000905287 /* Project object */;
}
