// !$*UTF8*$!
{
	archiveVersion = 1;
	classes = {
	};
	objectVersion = 55;
	objects = {

/* Begin PBXBuildFile section */
		C242CDB62796BE7000905287 /* AppDelegate.swift in Sources */ = {isa = PBXBuildFile; fileRef = C242CDB52796BE7000905287 /* AppDelegate.swift */; };
		C242CDB82796BE7000905287 /* SceneDelegate.swift in Sources */ = {isa = PBXBuildFile; fileRef = C242CDB72796BE7000905287 /* SceneDelegate.swift */; };
		C242CDBA2796BE7000905287 /* ViewController.swift in Sources */ = {isa = PBXBuildFile; fileRef = C242CDB92796BE7000905287 /* ViewController.swift */; };
		C242CDBD2796BE7000905287 /* Main.storyboard in Resources */ = {isa = PBXBuildFile; fileRef = C242CDBB2796BE7000905287 /* Main.storyboard */; };
		C242CDBF2796BE7200905287 /* Assets.xcassets in Resources */ = {isa = PBXBuildFile; fileRef = C242CDBE2796BE7200905287 /* Assets.xcassets */; };
		C242CDC22796BE7200905287 /* LaunchScreen.storyboard in Resources */ = {isa = PBXBuildFile; fileRef = C242CDC02796BE7200905287 /* LaunchScreen.storyboard */; };
		C242CDCD2796BE7300905287 /* SeSAC_FriendsTests.swift in Sources */ = {isa = PBXBuildFile; fileRef = C242CDCC2796BE7300905287 /* SeSAC_FriendsTests.swift */; };
		C242CDD72796BE7300905287 /* SeSAC_FriendsUITests.swift in Sources */ = {isa = PBXBuildFile; fileRef = C242CDD62796BE7300905287 /* SeSAC_FriendsUITests.swift */; };
		C242CDD92796BE7300905287 /* SeSAC_FriendsUITestsLaunchTests.swift in Sources */ = {isa = PBXBuildFile; fileRef = C242CDD82796BE7300905287 /* SeSAC_FriendsUITestsLaunchTests.swift */; };
/* End PBXBuildFile section */

/* Begin PBXContainerItemProxy section */
		C242CDC92796BE7300905287 /* PBXContainerItemProxy */ = {
			isa = PBXContainerItemProxy;
			containerPortal = C242CDAA2796BE7000905287 /* Project object */;
			proxyType = 1;
			remoteGlobalIDString = C242CDB12796BE7000905287;
			remoteInfo = SeSAC_Friends;
		};
		C242CDD32796BE7300905287 /* PBXContainerItemProxy */ = {
			isa = PBXContainerItemProxy;
			containerPortal = C242CDAA2796BE7000905287 /* Project object */;
			proxyType = 1;
			remoteGlobalIDString = C242CDB12796BE7000905287;
			remoteInfo = SeSAC_Friends;
		};
/* End PBXContainerItemProxy section */

/* Begin PBXFileReference section */
		C242CDB22796BE7000905287 /* SeSAC_Friends.app */ = {isa = PBXFileReference; explicitFileType = wrapper.application; includeInIndex = 0; path = SeSAC_Friends.app; sourceTree = BUILT_PRODUCTS_DIR; };
		C242CDB52796BE7000905287 /* AppDelegate.swift */ = {isa = PBXFileReference; lastKnownFileType = sourcecode.swift; path = AppDelegate.swift; sourceTree = "<group>"; };
		C242CDB72796BE7000905287 /* SceneDelegate.swift */ = {isa = PBXFileReference; lastKnownFileType = sourcecode.swift; path = SceneDelegate.swift; sourceTree = "<group>"; };
		C242CDB92796BE7000905287 /* ViewController.swift */ = {isa = PBXFileReference; lastKnownFileType = sourcecode.swift; path = ViewController.swift; sourceTree = "<group>"; };
		C242CDBC2796BE7000905287 /* Base */ = {isa = PBXFileReference; lastKnownFileType = file.storyboard; name = Base; path = Base.lproj/Main.storyboard; sourceTree = "<group>"; };
		C242CDBE2796BE7200905287 /* Assets.xcassets */ = {isa = PBXFileReference; lastKnownFileType = folder.assetcatalog; path = Assets.xcassets; sourceTree = "<group>"; };
		C242CDC12796BE7200905287 /* Base */ = {isa = PBXFileReference; lastKnownFileType = file.storyboard; name = Base; path = Base.lproj/LaunchScreen.storyboard; sourceTree = "<group>"; };
		C242CDC32796BE7200905287 /* Info.plist */ = {isa = PBXFileReference; lastKnownFileType = text.plist.xml; path = Info.plist; sourceTree = "<group>"; };
		C242CDC82796BE7300905287 /* SeSAC_FriendsTests.xctest */ = {isa = PBXFileReference; explicitFileType = wrapper.cfbundle; includeInIndex = 0; path = SeSAC_FriendsTests.xctest; sourceTree = BUILT_PRODUCTS_DIR; };
		C242CDCC2796BE7300905287 /* SeSAC_FriendsTests.swift */ = {isa = PBXFileReference; lastKnownFileType = sourcecode.swift; path = SeSAC_FriendsTests.swift; sourceTree = "<group>"; };
		C242CDD22796BE7300905287 /* SeSAC_FriendsUITests.xctest */ = {isa = PBXFileReference; explicitFileType = wrapper.cfbundle; includeInIndex = 0; path = SeSAC_FriendsUITests.xctest; sourceTree = BUILT_PRODUCTS_DIR; };
		C242CDD62796BE7300905287 /* SeSAC_FriendsUITests.swift */ = {isa = PBXFileReference; lastKnownFileType = sourcecode.swift; path = SeSAC_FriendsUITests.swift; sourceTree = "<group>"; };
		C242CDD82796BE7300905287 /* SeSAC_FriendsUITestsLaunchTests.swift */ = {isa = PBXFileReference; lastKnownFileType = sourcecode.swift; path = SeSAC_FriendsUITestsLaunchTests.swift; sourceTree = "<group>"; };
/* End PBXFileReference section */

/* Begin PBXFrameworksBuildPhase section */
		C242CDAF2796BE7000905287 /* Frameworks */ = {
			isa = PBXFrameworksBuildPhase;
			buildActionMask = 2147483647;
			files = (
			);
			runOnlyForDeploymentPostprocessing = 0;
		};
		C242CDC52796BE7300905287 /* Frameworks */ = {
			isa = PBXFrameworksBuildPhase;
			buildActionMask = 2147483647;
			files = (
			);
			runOnlyForDeploymentPostprocessing = 0;
		};
		C242CDCF2796BE7300905287 /* Frameworks */ = {
			isa = PBXFrameworksBuildPhase;
			buildActionMask = 2147483647;
			files = (
			);
			runOnlyForDeploymentPostprocessing = 0;
		};
/* End PBXFrameworksBuildPhase section */

/* Begin PBXGroup section */
		C242CDA92796BE7000905287 = {
			isa = PBXGroup;
			children = (
				C242CDB42796BE7000905287 /* SeSAC_Friends */,
				C242CDCB2796BE7300905287 /* SeSAC_FriendsTests */,
				C242CDD52796BE7300905287 /* SeSAC_FriendsUITests */,
				C242CDB32796BE7000905287 /* Products */,
			);
			sourceTree = "<group>";
		};
		C242CDB32796BE7000905287 /* Products */ = {
			isa = PBXGroup;
			children = (
				C242CDB22796BE7000905287 /* SeSAC_Friends.app */,
				C242CDC82796BE7300905287 /* SeSAC_FriendsTests.xctest */,
				C242CDD22796BE7300905287 /* SeSAC_FriendsUITests.xctest */,
			);
			name = Products;
			sourceTree = "<group>";
		};
		C242CDB42796BE7000905287 /* SeSAC_Friends */ = {
			isa = PBXGroup;
			children = (
				C242CDB52796BE7000905287 /* AppDelegate.swift */,
				C242CDB72796BE7000905287 /* SceneDelegate.swift */,
				C242CDB92796BE7000905287 /* ViewController.swift */,
				C242CDBB2796BE7000905287 /* Main.storyboard */,
				C242CDBE2796BE7200905287 /* Assets.xcassets */,
				C242CDC02796BE7200905287 /* LaunchScreen.storyboard */,
				C242CDC32796BE7200905287 /* Info.plist */,
			);
			path = SeSAC_Friends;
			sourceTree = "<group>";
		};
		C242CDCB2796BE7300905287 /* SeSAC_FriendsTests */ = {
			isa = PBXGroup;
			children = (
				C242CDCC2796BE7300905287 /* SeSAC_FriendsTests.swift */,
			);
			path = SeSAC_FriendsTests;
			sourceTree = "<group>";
		};
		C242CDD52796BE7300905287 /* SeSAC_FriendsUITests */ = {
			isa = PBXGroup;
			children = (
				C242CDD62796BE7300905287 /* SeSAC_FriendsUITests.swift */,
				C242CDD82796BE7300905287 /* SeSAC_FriendsUITestsLaunchTests.swift */,
			);
			path = SeSAC_FriendsUITests;
			sourceTree = "<group>";
		};
/* End PBXGroup section */

/* Begin PBXNativeTarget section */
		C242CDB12796BE7000905287 /* SeSAC_Friends */ = {
			isa = PBXNativeTarget;
			buildConfigurationList = C242CDDC2796BE7300905287 /* Build configuration list for PBXNativeTarget "SeSAC_Friends" */;
			buildPhases = (
				C242CDAE2796BE7000905287 /* Sources */,
				C242CDAF2796BE7000905287 /* Frameworks */,
				C242CDB02796BE7000905287 /* Resources */,
			);
			buildRules = (
			);
			dependencies = (
			);
			name = SeSAC_Friends;
			productName = SeSAC_Friends;
			productReference = C242CDB22796BE7000905287 /* SeSAC_Friends.app */;
			productType = "com.apple.product-type.application";
		};
		C242CDC72796BE7300905287 /* SeSAC_FriendsTests */ = {
			isa = PBXNativeTarget;
			buildConfigurationList = C242CDDF2796BE7300905287 /* Build configuration list for PBXNativeTarget "SeSAC_FriendsTests" */;
			buildPhases = (
				C242CDC42796BE7300905287 /* Sources */,
				C242CDC52796BE7300905287 /* Frameworks */,
				C242CDC62796BE7300905287 /* Resources */,
			);
			buildRules = (
			);
			dependencies = (
				C242CDCA2796BE7300905287 /* PBXTargetDependency */,
			);
			name = SeSAC_FriendsTests;
			productName = SeSAC_FriendsTests;
			productReference = C242CDC82796BE7300905287 /* SeSAC_FriendsTests.xctest */;
			productType = "com.apple.product-type.bundle.unit-test";
		};
		C242CDD12796BE7300905287 /* SeSAC_FriendsUITests */ = {
			isa = PBXNativeTarget;
			buildConfigurationList = C242CDE22796BE7300905287 /* Build configuration list for PBXNativeTarget "SeSAC_FriendsUITests" */;
			buildPhases = (
				C242CDCE2796BE7300905287 /* Sources */,
				C242CDCF2796BE7300905287 /* Frameworks */,
				C242CDD02796BE7300905287 /* Resources */,
			);
			buildRules = (
			);
			dependencies = (
				C242CDD42796BE7300905287 /* PBXTargetDependency */,
			);
			name = SeSAC_FriendsUITests;
			productName = SeSAC_FriendsUITests;
			productReference = C242CDD22796BE7300905287 /* SeSAC_FriendsUITests.xctest */;
			productType = "com.apple.product-type.bundle.ui-testing";
		};
/* End PBXNativeTarget section */

/* Begin PBXProject section */
		C242CDAA2796BE7000905287 /* Project object */ = {
			isa = PBXProject;
			attributes = {
				BuildIndependentTargetsInParallel = 1;
				LastSwiftUpdateCheck = 1310;
				LastUpgradeCheck = 1310;
				TargetAttributes = {
					C242CDB12796BE7000905287 = {
						CreatedOnToolsVersion = 13.1;
					};
					C242CDC72796BE7300905287 = {
						CreatedOnToolsVersion = 13.1;
						TestTargetID = C242CDB12796BE7000905287;
					};
					C242CDD12796BE7300905287 = {
						CreatedOnToolsVersion = 13.1;
						TestTargetID = C242CDB12796BE7000905287;
					};
				};
			};
			buildConfigurationList = C242CDAD2796BE7000905287 /* Build configuration list for PBXProject "SeSAC_Friends" */;
			compatibilityVersion = "Xcode 13.0";
			developmentRegion = en;
			hasScannedForEncodings = 0;
			knownRegions = (
				en,
				Base,
			);
			mainGroup = C242CDA92796BE7000905287;
			productRefGroup = C242CDB32796BE7000905287 /* Products */;
			projectDirPath = "";
			projectRoot = "";
			targets = (
				C242CDB12796BE7000905287 /* SeSAC_Friends */,
				C242CDC72796BE7300905287 /* SeSAC_FriendsTests */,
				C242CDD12796BE7300905287 /* SeSAC_FriendsUITests */,
			);
		};
/* End PBXProject section */

/* Begin PBXResourcesBuildPhase section */
		C242CDB02796BE7000905287 /* Resources */ = {
			isa = PBXResourcesBuildPhase;
			buildActionMask = 2147483647;
			files = (
				C242CDC22796BE7200905287 /* LaunchScreen.storyboard in Resources */,
				C242CDBF2796BE7200905287 /* Assets.xcassets in Resources */,
				C242CDBD2796BE7000905287 /* Main.storyboard in Resources */,
			);
			runOnlyForDeploymentPostprocessing = 0;
		};
		C242CDC62796BE7300905287 /* Resources */ = {
			isa = PBXResourcesBuildPhase;
			buildActionMask = 2147483647;
			files = (
			);
			runOnlyForDeploymentPostprocessing = 0;
		};
		C242CDD02796BE7300905287 /* Resources */ = {
			isa = PBXResourcesBuildPhase;
			buildActionMask = 2147483647;
			files = (
			);
			runOnlyForDeploymentPostprocessing = 0;
		};
/* End PBXResourcesBuildPhase section */

/* Begin PBXSourcesBuildPhase section */
		C242CDAE2796BE7000905287 /* Sources */ = {
			isa = PBXSourcesBuildPhase;
			buildActionMask = 2147483647;
			files = (
				C242CDBA2796BE7000905287 /* ViewController.swift in Sources */,
				C242CDB62796BE7000905287 /* AppDelegate.swift in Sources */,
				C242CDB82796BE7000905287 /* SceneDelegate.swift in Sources */,
			);
			runOnlyForDeploymentPostprocessing = 0;
		};
		C242CDC42796BE7300905287 /* Sources */ = {
			isa = PBXSourcesBuildPhase;
			buildActionMask = 2147483647;
			files = (
				C242CDCD2796BE7300905287 /* SeSAC_FriendsTests.swift in Sources */,
			);
			runOnlyForDeploymentPostprocessing = 0;
		};
		C242CDCE2796BE7300905287 /* Sources */ = {
			isa = PBXSourcesBuildPhase;
			buildActionMask = 2147483647;
			files = (
				C242CDD92796BE7300905287 /* SeSAC_FriendsUITestsLaunchTests.swift in Sources */,
				C242CDD72796BE7300905287 /* SeSAC_FriendsUITests.swift in Sources */,
			);
			runOnlyForDeploymentPostprocessing = 0;
		};
/* End PBXSourcesBuildPhase section */

/* Begin PBXTargetDependency section */
		C242CDCA2796BE7300905287 /* PBXTargetDependency */ = {
			isa = PBXTargetDependency;
			target = C242CDB12796BE7000905287 /* SeSAC_Friends */;
			targetProxy = C242CDC92796BE7300905287 /* PBXContainerItemProxy */;
		};
		C242CDD42796BE7300905287 /* PBXTargetDependency */ = {
			isa = PBXTargetDependency;
			target = C242CDB12796BE7000905287 /* SeSAC_Friends */;
			targetProxy = C242CDD32796BE7300905287 /* PBXContainerItemProxy */;
		};
/* End PBXTargetDependency section */

/* Begin PBXVariantGroup section */
		C242CDBB2796BE7000905287 /* Main.storyboard */ = {
			isa = PBXVariantGroup;
			children = (
				C242CDBC2796BE7000905287 /* Base */,
			);
			name = Main.storyboard;
			sourceTree = "<group>";
		};
		C242CDC02796BE7200905287 /* LaunchScreen.storyboard */ = {
			isa = PBXVariantGroup;
			children = (
				C242CDC12796BE7200905287 /* Base */,
			);
			name = LaunchScreen.storyboard;
			sourceTree = "<group>";
		};
/* End PBXVariantGroup section */

/* Begin XCBuildConfiguration section */
		C242CDDA2796BE7300905287 /* Debug */ = {
			isa = XCBuildConfiguration;
			buildSettings = {
				ALWAYS_SEARCH_USER_PATHS = NO;
				CLANG_ANALYZER_NONNULL = YES;
				CLANG_ANALYZER_NUMBER_OBJECT_CONVERSION = YES_AGGRESSIVE;
				CLANG_CXX_LANGUAGE_STANDARD = "gnu++17";
				CLANG_CXX_LIBRARY = "libc++";
				CLANG_ENABLE_MODULES = YES;
				CLANG_ENABLE_OBJC_ARC = YES;
				CLANG_ENABLE_OBJC_WEAK = YES;
				CLANG_WARN_BLOCK_CAPTURE_AUTORELEASING = YES;
				CLANG_WARN_BOOL_CONVERSION = YES;
				CLANG_WARN_COMMA = YES;
				CLANG_WARN_CONSTANT_CONVERSION = YES;
				CLANG_WARN_DEPRECATED_OBJC_IMPLEMENTATIONS = YES;
				CLANG_WARN_DIRECT_OBJC_ISA_USAGE = YES_ERROR;
				CLANG_WARN_DOCUMENTATION_COMMENTS = YES;
				CLANG_WARN_EMPTY_BODY = YES;
				CLANG_WARN_ENUM_CONVERSION = YES;
				CLANG_WARN_INFINITE_RECURSION = YES;
				CLANG_WARN_INT_CONVERSION = YES;
				CLANG_WARN_NON_LITERAL_NULL_CONVERSION = YES;
				CLANG_WARN_OBJC_IMPLICIT_RETAIN_SELF = YES;
				CLANG_WARN_OBJC_LITERAL_CONVERSION = YES;
				CLANG_WARN_OBJC_ROOT_CLASS = YES_ERROR;
				CLANG_WARN_QUOTED_INCLUDE_IN_FRAMEWORK_HEADER = YES;
				CLANG_WARN_RANGE_LOOP_ANALYSIS = YES;
				CLANG_WARN_STRICT_PROTOTYPES = YES;
				CLANG_WARN_SUSPICIOUS_MOVE = YES;
				CLANG_WARN_UNGUARDED_AVAILABILITY = YES_AGGRESSIVE;
				CLANG_WARN_UNREACHABLE_CODE = YES;
				CLANG_WARN__DUPLICATE_METHOD_MATCH = YES;
				COPY_PHASE_STRIP = NO;
				DEBUG_INFORMATION_FORMAT = dwarf;
				ENABLE_STRICT_OBJC_MSGSEND = YES;
				ENABLE_TESTABILITY = YES;
				GCC_C_LANGUAGE_STANDARD = gnu11;
				GCC_DYNAMIC_NO_PIC = NO;
				GCC_NO_COMMON_BLOCKS = YES;
				GCC_OPTIMIZATION_LEVEL = 0;
				GCC_PREPROCESSOR_DEFINITIONS = (
					"DEBUG=1",
					"$(inherited)",
				);
				GCC_WARN_64_TO_32_BIT_CONVERSION = YES;
				GCC_WARN_ABOUT_RETURN_TYPE = YES_ERROR;
				GCC_WARN_UNDECLARED_SELECTOR = YES;
				GCC_WARN_UNINITIALIZED_AUTOS = YES_AGGRESSIVE;
				GCC_WARN_UNUSED_FUNCTION = YES;
				GCC_WARN_UNUSED_VARIABLE = YES;
				IPHONEOS_DEPLOYMENT_TARGET = 15.0;
				MTL_ENABLE_DEBUG_INFO = INCLUDE_SOURCE;
				MTL_FAST_MATH = YES;
				ONLY_ACTIVE_ARCH = YES;
				SDKROOT = iphoneos;
				SWIFT_ACTIVE_COMPILATION_CONDITIONS = DEBUG;
				SWIFT_OPTIMIZATION_LEVEL = "-Onone";
			};
			name = Debug;
		};
		C242CDDB2796BE7300905287 /* Release */ = {
			isa = XCBuildConfiguration;
			buildSettings = {
				ALWAYS_SEARCH_USER_PATHS = NO;
				CLANG_ANALYZER_NONNULL = YES;
				CLANG_ANALYZER_NUMBER_OBJECT_CONVERSION = YES_AGGRESSIVE;
				CLANG_CXX_LANGUAGE_STANDARD = "gnu++17";
				CLANG_CXX_LIBRARY = "libc++";
				CLANG_ENABLE_MODULES = YES;
				CLANG_ENABLE_OBJC_ARC = YES;
				CLANG_ENABLE_OBJC_WEAK = YES;
				CLANG_WARN_BLOCK_CAPTURE_AUTORELEASING = YES;
				CLANG_WARN_BOOL_CONVERSION = YES;
				CLANG_WARN_COMMA = YES;
				CLANG_WARN_CONSTANT_CONVERSION = YES;
				CLANG_WARN_DEPRECATED_OBJC_IMPLEMENTATIONS = YES;
				CLANG_WARN_DIRECT_OBJC_ISA_USAGE = YES_ERROR;
				CLANG_WARN_DOCUMENTATION_COMMENTS = YES;
				CLANG_WARN_EMPTY_BODY = YES;
				CLANG_WARN_ENUM_CONVERSION = YES;
				CLANG_WARN_INFINITE_RECURSION = YES;
				CLANG_WARN_INT_CONVERSION = YES;
				CLANG_WARN_NON_LITERAL_NULL_CONVERSION = YES;
				CLANG_WARN_OBJC_IMPLICIT_RETAIN_SELF = YES;
				CLANG_WARN_OBJC_LITERAL_CONVERSION = YES;
				CLANG_WARN_OBJC_ROOT_CLASS = YES_ERROR;
				CLANG_WARN_QUOTED_INCLUDE_IN_FRAMEWORK_HEADER = YES;
				CLANG_WARN_RANGE_LOOP_ANALYSIS = YES;
				CLANG_WARN_STRICT_PROTOTYPES = YES;
				CLANG_WARN_SUSPICIOUS_MOVE = YES;
				CLANG_WARN_UNGUARDED_AVAILABILITY = YES_AGGRESSIVE;
				CLANG_WARN_UNREACHABLE_CODE = YES;
				CLANG_WARN__DUPLICATE_METHOD_MATCH = YES;
				COPY_PHASE_STRIP = NO;
				DEBUG_INFORMATION_FORMAT = "dwarf-with-dsym";
				ENABLE_NS_ASSERTIONS = NO;
				ENABLE_STRICT_OBJC_MSGSEND = YES;
				GCC_C_LANGUAGE_STANDARD = gnu11;
				GCC_NO_COMMON_BLOCKS = YES;
				GCC_WARN_64_TO_32_BIT_CONVERSION = YES;
				GCC_WARN_ABOUT_RETURN_TYPE = YES_ERROR;
				GCC_WARN_UNDECLARED_SELECTOR = YES;
				GCC_WARN_UNINITIALIZED_AUTOS = YES_AGGRESSIVE;
				GCC_WARN_UNUSED_FUNCTION = YES;
				GCC_WARN_UNUSED_VARIABLE = YES;
				IPHONEOS_DEPLOYMENT_TARGET = 15.0;
				MTL_ENABLE_DEBUG_INFO = NO;
				MTL_FAST_MATH = YES;
				SDKROOT = iphoneos;
				SWIFT_COMPILATION_MODE = wholemodule;
				SWIFT_OPTIMIZATION_LEVEL = "-O";
				VALIDATE_PRODUCT = YES;
			};
			name = Release;
		};
		C242CDDD2796BE7300905287 /* Debug */ = {
			isa = XCBuildConfiguration;
			buildSettings = {
				ASSETCATALOG_COMPILER_APPICON_NAME = AppIcon;
				ASSETCATALOG_COMPILER_GLOBAL_ACCENT_COLOR_NAME = AccentColor;
				CODE_SIGN_STYLE = Automatic;
				CURRENT_PROJECT_VERSION = 1;
				DEVELOPMENT_TEAM = H3V637RY5A;
				GENERATE_INFOPLIST_FILE = YES;
				INFOPLIST_FILE = SeSAC_Friends/Info.plist;
				INFOPLIST_KEY_UIApplicationSupportsIndirectInputEvents = YES;
				INFOPLIST_KEY_UILaunchStoryboardName = LaunchScreen;
				INFOPLIST_KEY_UIMainStoryboardFile = Main;
				INFOPLIST_KEY_UISupportedInterfaceOrientations_iPad = "UIInterfaceOrientationPortrait UIInterfaceOrientationPortraitUpsideDown UIInterfaceOrientationLandscapeLeft UIInterfaceOrientationLandscapeRight";
				INFOPLIST_KEY_UISupportedInterfaceOrientations_iPhone = "UIInterfaceOrientationPortrait UIInterfaceOrientationLandscapeLeft UIInterfaceOrientationLandscapeRight";
				LD_RUNPATH_SEARCH_PATHS = (
					"$(inherited)",
					"@executable_path/Frameworks",
				);
				MARKETING_VERSION = 1.0;
				PRODUCT_BUNDLE_IDENTIFIER = "kr.yeonpark.SeSAC-Friends";
				PRODUCT_NAME = "$(TARGET_NAME)";
				SWIFT_EMIT_LOC_STRINGS = YES;
				SWIFT_VERSION = 5.0;
				TARGETED_DEVICE_FAMILY = "1,2";
			};
			name = Debug;
		};
		C242CDDE2796BE7300905287 /* Release */ = {
			isa = XCBuildConfiguration;
			buildSettings = {
				ASSETCATALOG_COMPILER_APPICON_NAME = AppIcon;
				ASSETCATALOG_COMPILER_GLOBAL_ACCENT_COLOR_NAME = AccentColor;
				CODE_SIGN_STYLE = Automatic;
				CURRENT_PROJECT_VERSION = 1;
				DEVELOPMENT_TEAM = H3V637RY5A;
				GENERATE_INFOPLIST_FILE = YES;
				INFOPLIST_FILE = SeSAC_Friends/Info.plist;
				INFOPLIST_KEY_UIApplicationSupportsIndirectInputEvents = YES;
				INFOPLIST_KEY_UILaunchStoryboardName = LaunchScreen;
				INFOPLIST_KEY_UIMainStoryboardFile = Main;
				INFOPLIST_KEY_UISupportedInterfaceOrientations_iPad = "UIInterfaceOrientationPortrait UIInterfaceOrientationPortraitUpsideDown UIInterfaceOrientationLandscapeLeft UIInterfaceOrientationLandscapeRight";
				INFOPLIST_KEY_UISupportedInterfaceOrientations_iPhone = "UIInterfaceOrientationPortrait UIInterfaceOrientationLandscapeLeft UIInterfaceOrientationLandscapeRight";
				LD_RUNPATH_SEARCH_PATHS = (
					"$(inherited)",
					"@executable_path/Frameworks",
				);
				MARKETING_VERSION = 1.0;
				PRODUCT_BUNDLE_IDENTIFIER = "kr.yeonpark.SeSAC-Friends";
				PRODUCT_NAME = "$(TARGET_NAME)";
				SWIFT_EMIT_LOC_STRINGS = YES;
				SWIFT_VERSION = 5.0;
				TARGETED_DEVICE_FAMILY = "1,2";
			};
			name = Release;
		};
		C242CDE02796BE7300905287 /* Debug */ = {
			isa = XCBuildConfiguration;
			buildSettings = {
				ALWAYS_EMBED_SWIFT_STANDARD_LIBRARIES = YES;
				BUNDLE_LOADER = "$(TEST_HOST)";
				CODE_SIGN_STYLE = Automatic;
				CURRENT_PROJECT_VERSION = 1;
				DEVELOPMENT_TEAM = H3V637RY5A;
				GENERATE_INFOPLIST_FILE = YES;
				IPHONEOS_DEPLOYMENT_TARGET = 15.0;
				LD_RUNPATH_SEARCH_PATHS = (
					"$(inherited)",
					"@executable_path/Frameworks",
					"@loader_path/Frameworks",
				);
				MARKETING_VERSION = 1.0;
				PRODUCT_BUNDLE_IDENTIFIER = "kr.yeonpark.SeSAC-FriendsTests";
				PRODUCT_NAME = "$(TARGET_NAME)";
				SWIFT_EMIT_LOC_STRINGS = NO;
				SWIFT_VERSION = 5.0;
				TARGETED_DEVICE_FAMILY = "1,2";
				TEST_HOST = "$(BUILT_PRODUCTS_DIR)/SeSAC_Friends.app/SeSAC_Friends";
			};
			name = Debug;
		};
		C242CDE12796BE7300905287 /* Release */ = {
			isa = XCBuildConfiguration;
			buildSettings = {
				ALWAYS_EMBED_SWIFT_STANDARD_LIBRARIES = YES;
				BUNDLE_LOADER = "$(TEST_HOST)";
				CODE_SIGN_STYLE = Automatic;
				CURRENT_PROJECT_VERSION = 1;
				DEVELOPMENT_TEAM = H3V637RY5A;
				GENERATE_INFOPLIST_FILE = YES;
				IPHONEOS_DEPLOYMENT_TARGET = 15.0;
				LD_RUNPATH_SEARCH_PATHS = (
					"$(inherited)",
					"@executable_path/Frameworks",
					"@loader_path/Frameworks",
				);
				MARKETING_VERSION = 1.0;
				PRODUCT_BUNDLE_IDENTIFIER = "kr.yeonpark.SeSAC-FriendsTests";
				PRODUCT_NAME = "$(TARGET_NAME)";
				SWIFT_EMIT_LOC_STRINGS = NO;
				SWIFT_VERSION = 5.0;
				TARGETED_DEVICE_FAMILY = "1,2";
				TEST_HOST = "$(BUILT_PRODUCTS_DIR)/SeSAC_Friends.app/SeSAC_Friends";
			};
			name = Release;
		};
		C242CDE32796BE7300905287 /* Debug */ = {
			isa = XCBuildConfiguration;
			buildSettings = {
				ALWAYS_EMBED_SWIFT_STANDARD_LIBRARIES = YES;
				CODE_SIGN_STYLE = Automatic;
				CURRENT_PROJECT_VERSION = 1;
				DEVELOPMENT_TEAM = H3V637RY5A;
				GENERATE_INFOPLIST_FILE = YES;
				LD_RUNPATH_SEARCH_PATHS = (
					"$(inherited)",
					"@executable_path/Frameworks",
					"@loader_path/Frameworks",
				);
				MARKETING_VERSION = 1.0;
				PRODUCT_BUNDLE_IDENTIFIER = "kr.yeonpark.SeSAC-FriendsUITests";
				PRODUCT_NAME = "$(TARGET_NAME)";
				SWIFT_EMIT_LOC_STRINGS = NO;
				SWIFT_VERSION = 5.0;
				TARGETED_DEVICE_FAMILY = "1,2";
				TEST_TARGET_NAME = SeSAC_Friends;
			};
			name = Debug;
		};
		C242CDE42796BE7300905287 /* Release */ = {
			isa = XCBuildConfiguration;
			buildSettings = {
				ALWAYS_EMBED_SWIFT_STANDARD_LIBRARIES = YES;
				CODE_SIGN_STYLE = Automatic;
				CURRENT_PROJECT_VERSION = 1;
				DEVELOPMENT_TEAM = H3V637RY5A;
				GENERATE_INFOPLIST_FILE = YES;
				LD_RUNPATH_SEARCH_PATHS = (
					"$(inherited)",
					"@executable_path/Frameworks",
					"@loader_path/Frameworks",
				);
				MARKETING_VERSION = 1.0;
				PRODUCT_BUNDLE_IDENTIFIER = "kr.yeonpark.SeSAC-FriendsUITests";
				PRODUCT_NAME = "$(TARGET_NAME)";
				SWIFT_EMIT_LOC_STRINGS = NO;
				SWIFT_VERSION = 5.0;
				TARGETED_DEVICE_FAMILY = "1,2";
				TEST_TARGET_NAME = SeSAC_Friends;
			};
			name = Release;
		};
/* End XCBuildConfiguration section */

/* Begin XCConfigurationList section */
		C242CDAD2796BE7000905287 /* Build configuration list for PBXProject "SeSAC_Friends" */ = {
			isa = XCConfigurationList;
			buildConfigurations = (
				C242CDDA2796BE7300905287 /* Debug */,
				C242CDDB2796BE7300905287 /* Release */,
			);
			defaultConfigurationIsVisible = 0;
			defaultConfigurationName = Release;
		};
		C242CDDC2796BE7300905287 /* Build configuration list for PBXNativeTarget "SeSAC_Friends" */ = {
			isa = XCConfigurationList;
			buildConfigurations = (
				C242CDDD2796BE7300905287 /* Debug */,
				C242CDDE2796BE7300905287 /* Release */,
			);
			defaultConfigurationIsVisible = 0;
			defaultConfigurationName = Release;
		};
		C242CDDF2796BE7300905287 /* Build configuration list for PBXNativeTarget "SeSAC_FriendsTests" */ = {
			isa = XCConfigurationList;
			buildConfigurations = (
				C242CDE02796BE7300905287 /* Debug */,
				C242CDE12796BE7300905287 /* Release */,
			);
			defaultConfigurationIsVisible = 0;
			defaultConfigurationName = Release;
		};
		C242CDE22796BE7300905287 /* Build configuration list for PBXNativeTarget "SeSAC_FriendsUITests" */ = {
			isa = XCConfigurationList;
			buildConfigurations = (
				C242CDE32796BE7300905287 /* Debug */,
				C242CDE42796BE7300905287 /* Release */,
			);
			defaultConfigurationIsVisible = 0;
			defaultConfigurationName = Release;
		};
/* End XCConfigurationList section */
	};
	rootObject = C242CDAA2796BE7000905287 /* Project object */;
}
